# THIS IS AN AUTOGENERATED FILE. DO NOT EDIT THIS FILE DIRECTLY.
# yarn lockfile v1


"@csstools/cascade-layer-name-parser@^1.0.5":
  version "1.0.5"
  resolved "https://registry.npmjs.org/@csstools/cascade-layer-name-parser/-/cascade-layer-name-parser-1.0.5.tgz"
  integrity sha512-v/5ODKNBMfBl0us/WQjlfsvSlYxfZLhNMVIsuCPib2ulTwGKYbKJbwqw671+qH9Y4wvWVnu7LBChvml/wBKjFg==

"@csstools/color-helpers@^3.0.2":
  version "3.0.2"
  resolved "https://registry.npmjs.org/@csstools/color-helpers/-/color-helpers-3.0.2.tgz"
  integrity sha512-NMVs/l7Y9eIKL5XjbCHEgGcG8LOUT2qVcRjX6EzkCdlvftHVKr2tHIPzHavfrULRZ5Q2gxrJ9f44dAlj6fX97Q==

"@csstools/css-calc@^1.1.4":
  version "1.1.4"
  resolved "https://registry.npmjs.org/@csstools/css-calc/-/css-calc-1.1.4.tgz"
  integrity sha512-ZV1TSmToiNcQL1P3hfzlzZzA02mmVkVmXGaUDUqpYUG84PmLhVSZpKX+KfxAuOcK7de04UXSQPBrAvaya6iiGg==

"@csstools/css-color-parser@^1.4.0":
  version "1.4.0"
  resolved "https://registry.npmjs.org/@csstools/css-color-parser/-/css-color-parser-1.4.0.tgz"
  integrity sha512-SlGd8E6ron24JYQPQAIzu5tvmWi1H4sDKTdA7UDnwF45oJv7AVESbOlOO1YjfBhrQFuvLWUgKiOY9DwGoAxwTA==
  dependencies:
    "@csstools/color-helpers" "^3.0.2"
    "@csstools/css-calc" "^1.1.4"

"@csstools/css-parser-algorithms@^2.3.2", "@csstools/css-parser-algorithms@2.3.2":
  version "2.3.2"
  resolved "https://registry.npmjs.org/@csstools/css-parser-algorithms/-/css-parser-algorithms-2.3.2.tgz"
  integrity sha512-sLYGdAdEY2x7TSw9FtmdaTrh2wFtRJO5VMbBrA8tEqEod7GEggFmxTSK9XqExib3yMuYNcvcTdCZIP6ukdjAIA==

"@csstools/css-tokenizer@^2.2.1":
  version "2.2.1"
  resolved "https://registry.npmjs.org/@csstools/css-tokenizer/-/css-tokenizer-2.2.1.tgz"
  integrity sha512-Zmsf2f/CaEPWEVgw29odOj+WEVoiJy9s9NOv5GgNY9mZ1CZ7394By6wONrONrTsnNDv6F9hR02nvFihrGVGHBg==

"@csstools/media-query-list-parser@^2.1.5":
  version "2.1.5"
  resolved "https://registry.npmjs.org/@csstools/media-query-list-parser/-/media-query-list-parser-2.1.5.tgz"
  integrity sha512-IxVBdYzR8pYe89JiyXQuYk4aVVoCPhMJkz6ElRwlVysjwURTsTk/bmY/z4FfeRE+CRBMlykPwXEVUg8lThv7AQ==

"@csstools/postcss-cascade-layers@^4.0.1":
  version "4.0.1"
  resolved "https://registry.npmjs.org/@csstools/postcss-cascade-layers/-/postcss-cascade-layers-4.0.1.tgz"
  integrity sha512-UYFuFL9GgVnftg9v7tBvVEBRLaBeAD66euD+yYy5fYCUld9ZIWTJNCE30hm6STMEdt6FL5xzeVw1lAZ1tpvUEg==
  dependencies:
    "@csstools/selector-specificity" "^3.0.0"
    postcss-selector-parser "^6.0.13"

"@csstools/postcss-color-function@^3.0.7":
  version "3.0.7"
  resolved "https://registry.npmjs.org/@csstools/postcss-color-function/-/postcss-color-function-3.0.7.tgz"
  integrity sha512-/PIB20G1TPCXmQlaJLWIYzTZRZpj6csT4ijgnshIj/kcmniIRroAfDa0xSWnfuO1eNo0NptIaPU7jzUukWn55Q==
  dependencies:
    "@csstools/css-color-parser" "^1.4.0"
    "@csstools/css-parser-algorithms" "^2.3.2"
    "@csstools/css-tokenizer" "^2.2.1"
    "@csstools/postcss-progressive-custom-properties" "^3.0.2"

"@csstools/postcss-color-mix-function@^2.0.7":
  version "2.0.7"
  resolved "https://registry.npmjs.org/@csstools/postcss-color-mix-function/-/postcss-color-mix-function-2.0.7.tgz"
  integrity sha512-57/g8aGo5eKFjEeJMiRKh8Qq43K2rCyk5ZZTvJ34TNl4zUtYU5DvLkIkOnhCtL8/a4z9oMA42aOnFPddRrScUQ==
  dependencies:
    "@csstools/css-color-parser" "^1.4.0"
    "@csstools/css-parser-algorithms" "^2.3.2"
    "@csstools/css-tokenizer" "^2.2.1"
    "@csstools/postcss-progressive-custom-properties" "^3.0.2"

"@csstools/postcss-exponential-functions@^1.0.1":
  version "1.0.1"
  resolved "https://registry.npmjs.org/@csstools/postcss-exponential-functions/-/postcss-exponential-functions-1.0.1.tgz"
  integrity sha512-ZLK2iSK4DUxeypGce2PnQSdYugUqDTwxnhNiq1o6OyKMNYgYs4eKbvEhFG8JKr1sJWbeqBi5jRr0017l2EWVvg==
  dependencies:
    "@csstools/css-calc" "^1.1.4"
    "@csstools/css-parser-algorithms" "^2.3.2"
    "@csstools/css-tokenizer" "^2.2.1"

"@csstools/postcss-font-format-keywords@^3.0.0":
  version "3.0.0"
  resolved "https://registry.npmjs.org/@csstools/postcss-font-format-keywords/-/postcss-font-format-keywords-3.0.0.tgz"
  integrity sha512-ntkGj+1uDa/u6lpjPxnkPcjJn7ChO/Kcy08YxctOZI7vwtrdYvFhmE476dq8bj1yna306+jQ9gzXIG/SWfOaRg==
  dependencies:
    postcss-value-parser "^4.2.0"

"@csstools/postcss-gamut-mapping@^1.0.0":
  version "1.0.0"
  resolved "https://registry.npmjs.org/@csstools/postcss-gamut-mapping/-/postcss-gamut-mapping-1.0.0.tgz"
  integrity sha512-6UQyK8l9YaG5Ao5rBDcCnKHrLsHiQ1E0zeFQuqDJqEtinVzAPb/MwSw3TenZXL1Rnd7th3tb+4CBFHBXdW5tbQ==
  dependencies:
    "@csstools/css-color-parser" "^1.4.0"
    "@csstools/css-parser-algorithms" "2.3.2"
    "@csstools/css-tokenizer" "^2.2.1"

"@csstools/postcss-gradients-interpolation-method@^4.0.7":
  version "4.0.7"
  resolved "https://registry.npmjs.org/@csstools/postcss-gradients-interpolation-method/-/postcss-gradients-interpolation-method-4.0.7.tgz"
  integrity sha512-GT1CzE/Tyr/ei4j5BwKESkHAgg+Gzys/0mAY7W+UiR+XrcYk5hDbOrE/YJIx1rflfO/7La1bDoZtA0YnLl4qNA==
  dependencies:
    "@csstools/css-color-parser" "^1.4.0"
    "@csstools/css-parser-algorithms" "^2.3.2"
    "@csstools/css-tokenizer" "^2.2.1"
    "@csstools/postcss-progressive-custom-properties" "^3.0.2"

"@csstools/postcss-hwb-function@^3.0.6":
  version "3.0.6"
  resolved "https://registry.npmjs.org/@csstools/postcss-hwb-function/-/postcss-hwb-function-3.0.6.tgz"
  integrity sha512-uQgWt2Ho2yy2S6qthWY7mD5v57NKxi6dD1NB8nAybU5bJSsm+hLXRGm3/zbOH4xNrqO3Cl60DFSNlSrUME3Xjg==
  dependencies:
    "@csstools/css-color-parser" "^1.4.0"
    "@csstools/css-parser-algorithms" "^2.3.2"
    "@csstools/css-tokenizer" "^2.2.1"

"@csstools/postcss-ic-unit@^3.0.2":
  version "3.0.2"
  resolved "https://registry.npmjs.org/@csstools/postcss-ic-unit/-/postcss-ic-unit-3.0.2.tgz"
  integrity sha512-n28Er7W9qc48zNjJnvTKuVHY26/+6YlA9WzJRksIHiAWOMxSH5IksXkw7FpkIOd+jLi59BMrX/BWrZMgjkLBHg==
  dependencies:
    "@csstools/postcss-progressive-custom-properties" "^3.0.2"
    postcss-value-parser "^4.2.0"

"@csstools/postcss-initial@^1.0.0":
  version "1.0.0"
  resolved "https://registry.npmjs.org/@csstools/postcss-initial/-/postcss-initial-1.0.0.tgz"
  integrity sha512-1l7iHHjIl5qmVeGItugr4ZOlCREDP71mNKqoEyxlosIoiu3Os1nPWMHpuCvDLCLiWI/ONTOg3nzJh7gwHOrqUA==

"@csstools/postcss-is-pseudo-class@^4.0.3":
  version "4.0.3"
  resolved "https://registry.npmjs.org/@csstools/postcss-is-pseudo-class/-/postcss-is-pseudo-class-4.0.3.tgz"
  integrity sha512-/dt5M9Ty/x3Yiq0Nm/5PJJzwkVFchJgdjKVnryBPtoMCb9ohb/nDIJOwr/Wr3hK3FDs1EA1GE6PyRYsUmQPS8Q==
  dependencies:
    "@csstools/selector-specificity" "^3.0.0"
    postcss-selector-parser "^6.0.13"

"@csstools/postcss-logical-float-and-clear@^2.0.0":
  version "2.0.0"
  resolved "https://registry.npmjs.org/@csstools/postcss-logical-float-and-clear/-/postcss-logical-float-and-clear-2.0.0.tgz"
  integrity sha512-Wki4vxsF6icRvRz8eF9bPpAvwaAt0RHwhVOyzfoFg52XiIMjb6jcbHkGxwpJXP4DVrnFEwpwmrz5aTRqOW82kg==

"@csstools/postcss-logical-overflow@^1.0.0":
  version "1.0.0"
  resolved "https://registry.npmjs.org/@csstools/postcss-logical-overflow/-/postcss-logical-overflow-1.0.0.tgz"
  integrity sha512-cIrZ8f7bGGvr+W53nEuMspcwaeaI2YTmz6LZ4yiAO5z14/PQgOOv+Pn+qjvPOPoadeY2BmpaoTzZKvdAQuM17w==

"@csstools/postcss-logical-overscroll-behavior@^1.0.0":
  version "1.0.0"
  resolved "https://registry.npmjs.org/@csstools/postcss-logical-overscroll-behavior/-/postcss-logical-overscroll-behavior-1.0.0.tgz"
  integrity sha512-e89S2LWjnxf0SB2wNUAbqDyFb/Fow/tlOe1XqOLbNx4rf3LrQokM9qldVx7sarnddml3ORE5LDUmlKpPOOeJTA==

"@csstools/postcss-logical-resize@^2.0.0":
  version "2.0.0"
  resolved "https://registry.npmjs.org/@csstools/postcss-logical-resize/-/postcss-logical-resize-2.0.0.tgz"
  integrity sha512-lCQ1aX8c5+WI4t5EoYf3alTzJNNocMqTb+u1J9CINdDhFh1fjovqK+0aHalUHsNstZmzFPNzIkU4Mb3eM9U8SA==
  dependencies:
    postcss-value-parser "^4.2.0"

"@csstools/postcss-logical-viewport-units@^2.0.3":
  version "2.0.3"
  resolved "https://registry.npmjs.org/@csstools/postcss-logical-viewport-units/-/postcss-logical-viewport-units-2.0.3.tgz"
  integrity sha512-xeVxqND5rlQyqLGdH7rX34sIm/JbbQKxpKQP8oD1YQqUHHCLQR9NUS57WqJKajxKN6AcNAMWJhb5LUH5RfPcyA==
  dependencies:
    "@csstools/css-tokenizer" "^2.2.1"

"@csstools/postcss-media-minmax@^1.1.0":
  version "1.1.0"
  resolved "https://registry.npmjs.org/@csstools/postcss-media-minmax/-/postcss-media-minmax-1.1.0.tgz"
  integrity sha512-t5Li/DPC5QmW/6VFLfUvsw/4dNYYseWR0tOXDeJg/9EKUodBgNawz5tuk5vYKtNvoj+Q08odMuXcpS5YJj0AFA==
  dependencies:
    "@csstools/css-calc" "^1.1.4"
    "@csstools/css-parser-algorithms" "^2.3.2"
    "@csstools/css-tokenizer" "^2.2.1"
    "@csstools/media-query-list-parser" "^2.1.5"

"@csstools/postcss-media-queries-aspect-ratio-number-values@^2.0.3":
  version "2.0.3"
  resolved "https://registry.npmjs.org/@csstools/postcss-media-queries-aspect-ratio-number-values/-/postcss-media-queries-aspect-ratio-number-values-2.0.3.tgz"
  integrity sha512-IPL8AvnwMYW+cWtp+j8cW3MFN0RyXNT4hLOvs6Rf2N+NcbvXhSyKxZuE3W9Cv4KjaNoNoGx1d0UhT6tktq6tUw==
  dependencies:
    "@csstools/css-parser-algorithms" "^2.3.2"
    "@csstools/css-tokenizer" "^2.2.1"
    "@csstools/media-query-list-parser" "^2.1.5"

"@csstools/postcss-nested-calc@^3.0.0":
  version "3.0.0"
  resolved "https://registry.npmjs.org/@csstools/postcss-nested-calc/-/postcss-nested-calc-3.0.0.tgz"
  integrity sha512-HsB66aDWAouOwD/GcfDTS0a7wCuVWaTpXcjl5VKP0XvFxDiU+r0T8FG7xgb6ovZNZ+qzvGIwRM+CLHhDgXrYgQ==
  dependencies:
    postcss-value-parser "^4.2.0"

"@csstools/postcss-normalize-display-values@^3.0.1":
  version "3.0.1"
  resolved "https://registry.npmjs.org/@csstools/postcss-normalize-display-values/-/postcss-normalize-display-values-3.0.1.tgz"
  integrity sha512-nUvRxI+ALJwkxZdPU4EDyuM380vP91sAGvI3jAOHs/sr3jfcCOzLkY6xKI1Mr526kZ3RivmMoYM/xq+XFyE/bw==
  dependencies:
    postcss-value-parser "^4.2.0"

"@csstools/postcss-oklab-function@^3.0.7":
  version "3.0.7"
  resolved "https://registry.npmjs.org/@csstools/postcss-oklab-function/-/postcss-oklab-function-3.0.7.tgz"
  integrity sha512-vBFTQD3CARB3u/XIGO44wWbcO7xG/4GsYqJlcPuUGRSK8mtxes6n4vvNFlIByyAZy2k4d4RY63nyvTbMpeNTaQ==
  dependencies:
    "@csstools/css-color-parser" "^1.4.0"
    "@csstools/css-parser-algorithms" "^2.3.2"
    "@csstools/css-tokenizer" "^2.2.1"
    "@csstools/postcss-progressive-custom-properties" "^3.0.2"

"@csstools/postcss-progressive-custom-properties@^3.0.2":
  version "3.0.2"
  resolved "https://registry.npmjs.org/@csstools/postcss-progressive-custom-properties/-/postcss-progressive-custom-properties-3.0.2.tgz"
  integrity sha512-YEvTozk1SxnV/PGL5DllBVDuLQ+jiQhyCSQiZJ6CwBMU5JQ9hFde3i1qqzZHuclZfptjrU0JjlX4ePsOhxNzHw==
  dependencies:
    postcss-value-parser "^4.2.0"

"@csstools/postcss-relative-color-syntax@^2.0.7":
  version "2.0.7"
  resolved "https://registry.npmjs.org/@csstools/postcss-relative-color-syntax/-/postcss-relative-color-syntax-2.0.7.tgz"
  integrity sha512-2AiFbJSVF4EyymLxme4JzSrbXykHolx8DdZECHjYKMhoulhKLltx5ccYgtrK3BmXGd3v3nJrWFCc8JM8bjuiOg==
  dependencies:
    "@csstools/css-color-parser" "^1.4.0"
    "@csstools/css-parser-algorithms" "^2.3.2"
    "@csstools/css-tokenizer" "^2.2.1"
    "@csstools/postcss-progressive-custom-properties" "^3.0.2"

"@csstools/postcss-scope-pseudo-class@^3.0.0":
  version "3.0.0"
  resolved "https://registry.npmjs.org/@csstools/postcss-scope-pseudo-class/-/postcss-scope-pseudo-class-3.0.0.tgz"
  integrity sha512-GFNVsD97OuEcfHmcT0/DAZWAvTM/FFBDQndIOLawNc1Wq8YqpZwBdHa063Lq+Irk7azygTT+Iinyg3Lt76p7rg==
  dependencies:
    postcss-selector-parser "^6.0.13"

"@csstools/postcss-stepped-value-functions@^3.0.2":
  version "3.0.2"
  resolved "https://registry.npmjs.org/@csstools/postcss-stepped-value-functions/-/postcss-stepped-value-functions-3.0.2.tgz"
  integrity sha512-I3wX44MZVv+tDuWfrd3BTvRB/YRIM2F5v1MBtTI89sxpFn47mNpTwpPYUOGPVCgKlRDfZSlxIUYhUQmqRQZZFQ==
  dependencies:
    "@csstools/css-calc" "^1.1.4"
    "@csstools/css-parser-algorithms" "^2.3.2"
    "@csstools/css-tokenizer" "^2.2.1"

"@csstools/postcss-text-decoration-shorthand@^3.0.3":
  version "3.0.3"
  resolved "https://registry.npmjs.org/@csstools/postcss-text-decoration-shorthand/-/postcss-text-decoration-shorthand-3.0.3.tgz"
  integrity sha512-d5J9m49HhqXRcw1S6vTZuviHi/iknUKGjBpChiNK1ARg9sSa3b8m5lsWz5Izs8ISORZdv2bZRwbw5Z2R6gQ9kQ==
  dependencies:
    "@csstools/color-helpers" "^3.0.2"
    postcss-value-parser "^4.2.0"

"@csstools/postcss-trigonometric-functions@^3.0.2":
  version "3.0.2"
  resolved "https://registry.npmjs.org/@csstools/postcss-trigonometric-functions/-/postcss-trigonometric-functions-3.0.2.tgz"
  integrity sha512-AwzNhF4QOKaLOKvMljwwFkeYXwufhRO15G+kKohHkyoNOL75xWkN+W2Y9ik9tSeAyDv+cYNlYaF+o/a79WjVjg==
  dependencies:
    "@csstools/css-calc" "^1.1.4"
    "@csstools/css-parser-algorithms" "^2.3.2"
    "@csstools/css-tokenizer" "^2.2.1"

"@csstools/postcss-unset-value@^3.0.0":
  version "3.0.0"
  resolved "https://registry.npmjs.org/@csstools/postcss-unset-value/-/postcss-unset-value-3.0.0.tgz"
  integrity sha512-P0JD1WHh3avVyKKRKjd0dZIjCEeaBer8t1BbwGMUDtSZaLhXlLNBqZ8KkqHzYWXOJgHleXAny2/sx8LYl6qhEA==

"@csstools/selector-specificity@^3.0.0":
  version "3.0.0"
  resolved "https://registry.npmjs.org/@csstools/selector-specificity/-/selector-specificity-3.0.0.tgz"
  integrity sha512-hBI9tfBtuPIi885ZsZ32IMEU/5nlZH/KOVYJCOh7gyMxaVLGmLedYqFN6Ui1LXkI8JlC8IsuC0rF0btcRZKd5g==

"@next/env@13.4.9":
  version "13.4.9"
  resolved "https://registry.npmjs.org/@next/env/-/env-13.4.9.tgz"
  integrity sha512-vuDRK05BOKfmoBYLNi2cujG2jrYbEod/ubSSyqgmEx9n/W3eZaJQdRNhTfumO+qmq/QTzLurW487n/PM/fHOkw==

"@next/swc-darwin-arm64@13.4.9":
  version "13.4.9"
  resolved "https://registry.npmjs.org/@next/swc-darwin-arm64/-/swc-darwin-arm64-13.4.9.tgz"
  integrity sha512-TVzGHpZoVBk3iDsTOQA/R6MGmFp0+17SWXMEWd6zG30AfuELmSSMe2SdPqxwXU0gbpWkJL1KgfLzy5ReN0crqQ==

"@swc/helpers@0.5.1":
  version "0.5.1"
  resolved "https://registry.npmjs.org/@swc/helpers/-/helpers-0.5.1.tgz"
  integrity sha512-sJ902EfIzn1Fa+qYmjdQqh8tPsoxyBz+8yBKC2HKUxyezKJFwPGOn7pv4WY6QuQW//ySQi5lJjA/ZT9sNWWNTg==
  dependencies:
    tslib "^2.4.0"

autoprefixer@^10.4.16:
  version "10.4.16"
  resolved "https://registry.npmjs.org/autoprefixer/-/autoprefixer-10.4.16.tgz"
  integrity sha512-7vd3UC6xKp0HLfua5IjZlcXvGAGy7cBAXTg2lyQ/8WpNhd6SiZ8Be+xm3FyBSYJx5GKcpRCzBh7RH4/0dnY+uQ==
  dependencies:
    browserslist "^4.21.10"
    caniuse-lite "^1.0.30001538"
    fraction.js "^4.3.6"
    normalize-range "^0.1.2"
    picocolors "^1.0.0"
    postcss-value-parser "^4.2.0"

browserslist@^4.21.10, browserslist@^4.22.1, "browserslist@>= 4.21.0":
  version "4.22.1"
  resolved "https://registry.npmjs.org/browserslist/-/browserslist-4.22.1.tgz"
  integrity sha512-FEVc202+2iuClEhZhrWy6ZiAcRLvNMyYcxZ8raemul1DYVOVdFsbqckWLdsixQZCpJlwe77Z3UTalE7jsjnKfQ==
  dependencies:
    caniuse-lite "^1.0.30001541"
    electron-to-chromium "^1.4.535"
    node-releases "^2.0.13"
    update-browserslist-db "^1.0.13"

busboy@1.6.0:
  version "1.6.0"
  resolved "https://registry.npmjs.org/busboy/-/busboy-1.6.0.tgz"
  integrity sha512-8SFQbg/0hQ9xy3UNTB0YEnsNBbWfhf7RtnzpL7TkBiTBRfrQ9Fxcnz7VJsleJpyp6rVLvXiuORqjlHi5q+PYuA==
  dependencies:
    streamsearch "^1.1.0"

caniuse-lite@^1.0.30001406, caniuse-lite@^1.0.30001538, caniuse-lite@^1.0.30001541:
  version "1.0.30001561"
  resolved "https://registry.npmjs.org/caniuse-lite/-/caniuse-lite-1.0.30001561.tgz"
  integrity sha512-NTt0DNoKe958Q0BE0j0c1V9jbUzhBxHIEJy7asmGrpE0yG63KTV7PLHPnK2E1O9RsQrQ081I3NLuXGS6zht3cw==

client-only@0.0.1:
  version "0.0.1"
  resolved "https://registry.npmjs.org/client-only/-/client-only-0.0.1.tgz"
  integrity sha512-IV3Ou0jSMzZrd3pZ48nLkT9DA7Ag1pnPzaiQhpW7c3RbcqqzvzzVu+L8gfqMp/8IM2MQtSiqaCxrrcfu8I8rMA==

css-blank-pseudo@^6.0.0:
  version "6.0.0"
  resolved "https://registry.npmjs.org/css-blank-pseudo/-/css-blank-pseudo-6.0.0.tgz"
  integrity sha512-VbfLlOWO7sBHBTn6pwDQzc07Z0SDydgDBfNfCE0nvrehdBNv9RKsuupIRa/qal0+fBZhAALyQDPMKz5lnvcchw==
  dependencies:
    postcss-selector-parser "^6.0.13"

css-has-pseudo@^6.0.0:
  version "6.0.0"
  resolved "https://registry.npmjs.org/css-has-pseudo/-/css-has-pseudo-6.0.0.tgz"
  integrity sha512-X+r+JBuoO37FBOWVNhVJhxtSBUFHgHbrcc0CjFT28JEdOw1qaDwABv/uunyodUuSy2hMPe9j/HjssxSlvUmKjg==
  dependencies:
    "@csstools/selector-specificity" "^3.0.0"
    postcss-selector-parser "^6.0.13"
    postcss-value-parser "^4.2.0"

css-prefers-color-scheme@^9.0.0:
  version "9.0.0"
  resolved "https://registry.npmjs.org/css-prefers-color-scheme/-/css-prefers-color-scheme-9.0.0.tgz"
  integrity sha512-03QGAk/FXIRseDdLb7XAiu6gidQ0Nd8945xuM7VFVPpc6goJsG9uIO8xQjTxwbPdPIIV4o4AJoOJyt8gwDl67g==

cssdb@^7.9.0:
  version "7.9.0"
  resolved "https://registry.npmjs.org/cssdb/-/cssdb-7.9.0.tgz"
  integrity sha512-WPMT9seTQq6fPAa1yN4zjgZZeoTriSN2LqW9C+otjar12DQIWA4LuSfFrvFJiKp4oD0xIk1vumDLw8K9ur4NBw==

cssesc@^3.0.0:
  version "3.0.0"
  resolved "https://registry.npmjs.org/cssesc/-/cssesc-3.0.0.tgz"
  integrity sha512-/Tb/JcjK111nNScGob5MNtsntNM1aCNUDipB/TkwZFhyDrrE47SOx/18wF2bbjgc3ZzCSKW1T5nt5EbFoAz/Vg==

electron-to-chromium@^1.4.535:
  version "1.4.577"
  resolved "https://registry.npmjs.org/electron-to-chromium/-/electron-to-chromium-1.4.577.tgz"
  integrity sha512-/5xHPH6f00SxhHw6052r+5S1xO7gHNc89hV7tqlvnStvKbSrDqc/u6AlwPvVWWNj+s4/KL6T6y8ih+nOY0qYNA==

escalade@^3.1.1:
  version "3.1.1"
  resolved "https://registry.npmjs.org/escalade/-/escalade-3.1.1.tgz"
  integrity sha512-k0er2gUkLf8O0zKJiAhmkTnJlTvINGv7ygDNPbeIsX/TJjGJZHuh9B2UxbsaEkmlEo9MfhrSzmhIlhRlI2GXnw==

fraction.js@^4.3.6:
  version "4.3.7"
  resolved "https://registry.npmjs.org/fraction.js/-/fraction.js-4.3.7.tgz"
  integrity sha512-ZsDfxO51wGAXREY55a7la9LScWpwv9RxIrYABrlvOFBlH/ShPnrtsXeuUIfXKKOVicNxQ+o8JTbJvjS4M89yew==

glob-to-regexp@^0.4.1:
  version "0.4.1"
  resolved "https://registry.npmjs.org/glob-to-regexp/-/glob-to-regexp-0.4.1.tgz"
  integrity sha512-lkX1HJXwyMcprw/5YUZc2s7DrpAiHB21/V+E1rHUrVNokkvB6bqMzT0VfV6/86ZNabt1k14YOIaT7nDvOX3Iiw==

graceful-fs@^4.1.2:
  version "4.2.8"
  resolved "https://registry.npmjs.org/graceful-fs/-/graceful-fs-4.2.8.tgz"
  integrity sha512-qkIilPUYcNhJpd33n0GBXTB1MMPp14TxEsEs0pTrsSVucApsYzW5V+Q8Qxhik6KU3evy+qkAAowTByymK0avdg==

"js-tokens@^3.0.0 || ^4.0.0":
  version "4.0.0"
  resolved "https://registry.npmjs.org/js-tokens/-/js-tokens-4.0.0.tgz"
  integrity sha512-RdJUflcE3cUzKiMqQgsCu06FPu9UdIJO0beYbPhHN4k6apgJtifcoCtT9bcxOpYBtpD2kCM6Sbzg4CausW/PKQ==

loose-envify@^1.1.0:
  version "1.4.0"
  resolved "https://registry.npmjs.org/loose-envify/-/loose-envify-1.4.0.tgz"
  integrity sha512-lyuxPGr/Wfhrlem2CL/UcnUc1zcqKAImBDzukY7Y5F/yQiNdko6+fRLevlw1HgMySw7f611UIY408EtxRSoK3Q==
  dependencies:
    js-tokens "^3.0.0 || ^4.0.0"

nanoid@^3.3.4, nanoid@^3.3.6:
  version "3.3.6"
  resolved "https://registry.npmjs.org/nanoid/-/nanoid-3.3.6.tgz"
  integrity sha512-BGcqMMJuToF7i1rt+2PWSNVnWIkGCU78jBG3RxO/bZlnZPK2Cmi2QaffxGO/2RvWi9sL+FAiRiXMgsyxQ1DIDA==

next@^13.4.9:
  version "13.4.9"
  resolved "https://registry.npmjs.org/next/-/next-13.4.9.tgz"
  integrity sha512-vtefFm/BWIi/eWOqf1GsmKG3cjKw1k3LjuefKRcL3iiLl3zWzFdPG3as6xtxrGO6gwTzzaO1ktL4oiHt/uvTjA==
  dependencies:
    "@next/env" "13.4.9"
    "@swc/helpers" "0.5.1"
    busboy "1.6.0"
    caniuse-lite "^1.0.30001406"
    postcss "8.4.14"
    styled-jsx "5.1.1"
    watchpack "2.4.0"
    zod "3.21.4"
  optionalDependencies:
    "@next/swc-darwin-arm64" "13.4.9"
    "@next/swc-darwin-x64" "13.4.9"
    "@next/swc-linux-arm64-gnu" "13.4.9"
    "@next/swc-linux-arm64-musl" "13.4.9"
    "@next/swc-linux-x64-gnu" "13.4.9"
    "@next/swc-linux-x64-musl" "13.4.9"
    "@next/swc-win32-arm64-msvc" "13.4.9"
    "@next/swc-win32-ia32-msvc" "13.4.9"
    "@next/swc-win32-x64-msvc" "13.4.9"

node-releases@^2.0.13:
  version "2.0.13"
  resolved "https://registry.npmjs.org/node-releases/-/node-releases-2.0.13.tgz"
  integrity sha512-uYr7J37ae/ORWdZeQ1xxMJe3NtdmqMC/JZK+geofDrkLUApKRHPd18/TxtBOJ4A0/+uUIliorNrfYV6s1b02eQ==

normalize-range@^0.1.2:
  version "0.1.2"
  resolved "https://registry.npmjs.org/normalize-range/-/normalize-range-0.1.2.tgz"
  integrity sha512-bdok/XvKII3nUpklnV6P2hxtMNrCboOjAcyBuQnWEhO665FwrSNRxU+AqpsyvO6LgGYPspN+lu5CLtw4jPRKNA==

picocolors@^1.0.0:
  version "1.0.0"
  resolved "https://registry.npmjs.org/picocolors/-/picocolors-1.0.0.tgz"
  integrity sha512-1fygroTLlHu66zi26VoTDv8yRgm0Fccecssto+MhsZ0D/DGW2sm8E8AjW7NU5VVTRt5GxbeZ5qBuJr+HyLYkjQ==

postcss-attribute-case-insensitive@^6.0.2:
  version "6.0.2"
  resolved "https://registry.npmjs.org/postcss-attribute-case-insensitive/-/postcss-attribute-case-insensitive-6.0.2.tgz"
  integrity sha512-IRuCwwAAQbgaLhxQdQcIIK0dCVXg3XDUnzgKD8iwdiYdwU4rMWRWyl/W9/0nA4ihVpq5pyALiHB2veBJ0292pw==
  dependencies:
    postcss-selector-parser "^6.0.10"

postcss-clamp@^4.1.0:
  version "4.1.0"
  resolved "https://registry.npmjs.org/postcss-clamp/-/postcss-clamp-4.1.0.tgz"
  integrity sha512-ry4b1Llo/9zz+PKC+030KUnPITTJAHeOwjfAyyB60eT0AorGLdzp52s31OsPRHRf8NchkgFoG2y6fCfn1IV1Ow==
  dependencies:
    postcss-value-parser "^4.2.0"

postcss-color-functional-notation@^6.0.2:
  version "6.0.2"
  resolved "https://registry.npmjs.org/postcss-color-functional-notation/-/postcss-color-functional-notation-6.0.2.tgz"
  integrity sha512-FsjSmlSufuiFBsIqQ++VxFmvX7zKndZpBkHmfXr4wqhvzM92FTEkAh703iqWTl1U3faTgqioIqCbfqdWiFVwtw==
  dependencies:
    "@csstools/postcss-progressive-custom-properties" "^3.0.2"
    postcss-value-parser "^4.2.0"

postcss-color-hex-alpha@^9.0.2:
  version "9.0.2"
  resolved "https://registry.npmjs.org/postcss-color-hex-alpha/-/postcss-color-hex-alpha-9.0.2.tgz"
  integrity sha512-SfPjgr//VQ/DOCf80STIAsdAs7sbIbxATvVmd+Ec7JvR8onz9pjawhq3BJM3Pie40EE3TyB0P6hft16D33Nlyg==
  dependencies:
    postcss-value-parser "^4.2.0"

postcss-color-rebeccapurple@^9.0.1:
  version "9.0.1"
  resolved "https://registry.npmjs.org/postcss-color-rebeccapurple/-/postcss-color-rebeccapurple-9.0.1.tgz"
  integrity sha512-ds4cq5BjRieizVb2PnvbJ0omg9VCo2/KzluvoFZbxuGpsGJ5BQSD93CHBooinEtangCM5YqUOerGDl4xGmOb6Q==
  dependencies:
    postcss-value-parser "^4.2.0"

postcss-custom-media@^10.0.2:
  version "10.0.2"
  resolved "https://registry.npmjs.org/postcss-custom-media/-/postcss-custom-media-10.0.2.tgz"
  integrity sha512-zcEFNRmDm2fZvTPdI1pIW3W//UruMcLosmMiCdpQnrCsTRzWlKQPYMa1ud9auL0BmrryKK1+JjIGn19K0UjO/w==
  dependencies:
    "@csstools/cascade-layer-name-parser" "^1.0.5"
    "@csstools/css-parser-algorithms" "^2.3.2"
    "@csstools/css-tokenizer" "^2.2.1"
    "@csstools/media-query-list-parser" "^2.1.5"

postcss-custom-properties@^13.3.2:
  version "13.3.2"
  resolved "https://registry.npmjs.org/postcss-custom-properties/-/postcss-custom-properties-13.3.2.tgz"
  integrity sha512-2Coszybpo8lpLY24vy2CYv9AasiZ39/bs8Imv0pWMq55Gl8NWzfc24OAo3zIX7rc6uUJAqESnVOMZ6V6lpMjJA==
  dependencies:
    "@csstools/cascade-layer-name-parser" "^1.0.5"
    "@csstools/css-parser-algorithms" "^2.3.2"
    "@csstools/css-tokenizer" "^2.2.1"
    postcss-value-parser "^4.2.0"

postcss-custom-selectors@^7.1.6:
  version "7.1.6"
  resolved "https://registry.npmjs.org/postcss-custom-selectors/-/postcss-custom-selectors-7.1.6.tgz"
  integrity sha512-svsjWRaxqL3vAzv71dV0/65P24/FB8TbPX+lWyyf9SZ7aZm4S4NhCn7N3Bg+Z5sZunG3FS8xQ80LrCU9hb37cw==
  dependencies:
    "@csstools/cascade-layer-name-parser" "^1.0.5"
    "@csstools/css-parser-algorithms" "^2.3.2"
    "@csstools/css-tokenizer" "^2.2.1"
    postcss-selector-parser "^6.0.13"

postcss-dir-pseudo-class@^8.0.0:
  version "8.0.0"
  resolved "https://registry.npmjs.org/postcss-dir-pseudo-class/-/postcss-dir-pseudo-class-8.0.0.tgz"
  integrity sha512-Oy5BBi0dWPwij/IA+yDYj+/OBMQ9EPqAzTHeSNUYrUWdll/PRJmcbiUj0MNcsBi681I1gcSTLvMERPaXzdbvJg==
  dependencies:
    postcss-selector-parser "^6.0.13"

postcss-double-position-gradients@^5.0.2:
  version "5.0.2"
  resolved "https://registry.npmjs.org/postcss-double-position-gradients/-/postcss-double-position-gradients-5.0.2.tgz"
  integrity sha512-KTbvdOOy8z8zb0BTkEg4/1vqlRlApdvjw8/pFoehgQl0WVO+fezDGlvo0B8xRA+XccA7ohkQCULKNsiNOx70Cw==
  dependencies:
    "@csstools/postcss-progressive-custom-properties" "^3.0.2"
    postcss-value-parser "^4.2.0"

postcss-focus-visible@^9.0.0:
  version "9.0.0"
  resolved "https://registry.npmjs.org/postcss-focus-visible/-/postcss-focus-visible-9.0.0.tgz"
  integrity sha512-zA4TbVaIaT8npZBEROhZmlc+GBKE8AELPHXE7i4TmIUEQhw/P/mSJfY9t6tBzpQ1rABeGtEOHYrW4SboQeONMQ==
  dependencies:
    postcss-selector-parser "^6.0.13"

postcss-focus-within@^8.0.0:
  version "8.0.0"
  resolved "https://registry.npmjs.org/postcss-focus-within/-/postcss-focus-within-8.0.0.tgz"
  integrity sha512-E7+J9nuQzZaA37D/MUZMX1K817RZGDab8qw6pFwzAkDd/QtlWJ9/WTKmzewNiuxzeq6WWY7ATiRePVoDKp+DnA==
  dependencies:
    postcss-selector-parser "^6.0.13"

postcss-font-variant@^5.0.0:
  version "5.0.0"
  resolved "https://registry.npmjs.org/postcss-font-variant/-/postcss-font-variant-5.0.0.tgz"
  integrity sha512-1fmkBaCALD72CK2a9i468mA/+tr9/1cBxRRMXOUaZqO43oWPR5imcyPjXwuv7PXbCid4ndlP5zWhidQVVa3hmA==

postcss-gap-properties@^5.0.0:
  version "5.0.0"
  resolved "https://registry.npmjs.org/postcss-gap-properties/-/postcss-gap-properties-5.0.0.tgz"
  integrity sha512-YjsEEL6890P7MCv6fch6Am1yq0EhQCJMXyT4LBohiu87+4/WqR7y5W3RIv53WdA901hhytgRvjlrAhibhW4qsA==

postcss-image-set-function@^6.0.1:
  version "6.0.1"
  resolved "https://registry.npmjs.org/postcss-image-set-function/-/postcss-image-set-function-6.0.1.tgz"
  integrity sha512-VlZncC9hhZ5tg0JllY4g6Z28BeoPO8DIkelioEEkXL0AA0IORlqYpTi2L8TUnl4YQrlwvBgxVy+mdZJw5R/cIQ==
  dependencies:
    postcss-value-parser "^4.2.0"

postcss-lab-function@^6.0.7:
  version "6.0.7"
  resolved "https://registry.npmjs.org/postcss-lab-function/-/postcss-lab-function-6.0.7.tgz"
  integrity sha512-4d1lhDVPukHFqkMv4G5vVcK+tgY52vwb5uR1SWKOaO5389r2q8fMxBWuXSW+YtbCOEGP0/X9KERi9E9le2pJuw==
  dependencies:
    "@csstools/css-color-parser" "^1.4.0"
    "@csstools/css-parser-algorithms" "^2.3.2"
    "@csstools/css-tokenizer" "^2.2.1"
    "@csstools/postcss-progressive-custom-properties" "^3.0.2"

postcss-logical@^7.0.0:
  version "7.0.0"
  resolved "https://registry.npmjs.org/postcss-logical/-/postcss-logical-7.0.0.tgz"
  integrity sha512-zYf3vHkoW82f5UZTEXChTJvH49Yl9X37axTZsJGxrCG2kOUwtaAoz9E7tqYg0lsIoJLybaL8fk/2mOi81zVIUw==
  dependencies:
    postcss-value-parser "^4.2.0"

postcss-nesting@^12.0.1:
  version "12.0.1"
  resolved "https://registry.npmjs.org/postcss-nesting/-/postcss-nesting-12.0.1.tgz"
  integrity sha512-6LCqCWP9pqwXw/njMvNK0hGY44Fxc4B2EsGbn6xDcxbNRzP8GYoxT7yabVVMLrX3quqOJ9hg2jYMsnkedOf8pA==
  dependencies:
    "@csstools/selector-specificity" "^3.0.0"
    postcss-selector-parser "^6.0.13"

postcss-opacity-percentage@^2.0.0:
  version "2.0.0"
  resolved "https://registry.npmjs.org/postcss-opacity-percentage/-/postcss-opacity-percentage-2.0.0.tgz"
  integrity sha512-lyDrCOtntq5Y1JZpBFzIWm2wG9kbEdujpNt4NLannF+J9c8CgFIzPa80YQfdza+Y+yFfzbYj/rfoOsYsooUWTQ==

postcss-overflow-shorthand@^5.0.0:
  version "5.0.0"
  resolved "https://registry.npmjs.org/postcss-overflow-shorthand/-/postcss-overflow-shorthand-5.0.0.tgz"
  integrity sha512-2rlxDyeSics/hC2FuMdPnWiP9WUPZ5x7FTuArXLFVpaSQ2woPSfZS4RD59HuEokbZhs/wPUQJ1E3MT6zVv94MQ==
  dependencies:
    postcss-value-parser "^4.2.0"

postcss-page-break@^3.0.4:
  version "3.0.4"
  resolved "https://registry.npmjs.org/postcss-page-break/-/postcss-page-break-3.0.4.tgz"
  integrity sha512-1JGu8oCjVXLa9q9rFTo4MbeeA5FMe00/9C7lN4va606Rdb+HkxXtXsmEDrIraQ11fGz/WvKWa8gMuCKkrXpTsQ==

postcss-place@^9.0.0:
  version "9.0.0"
  resolved "https://registry.npmjs.org/postcss-place/-/postcss-place-9.0.0.tgz"
  integrity sha512-qLEPD9VPH5opDVemwmRaujODF9nExn24VOC3ghgVLEvfYN7VZLwJHes0q/C9YR5hI2UC3VgBE8Wkdp1TxCXhtg==
  dependencies:
    postcss-value-parser "^4.2.0"

postcss-preset-env@^9.3.0:
  version "9.3.0"
  resolved "https://registry.npmjs.org/postcss-preset-env/-/postcss-preset-env-9.3.0.tgz"
  integrity sha512-ycw6doPrqV6QxDCtgiyGDef61bEfiSc59HGM4gOw/wxQxmKnhuEery61oOC/5ViENz/ycpRsuhTexs1kUBTvVw==
  dependencies:
    "@csstools/postcss-cascade-layers" "^4.0.1"
    "@csstools/postcss-color-function" "^3.0.7"
    "@csstools/postcss-color-mix-function" "^2.0.7"
    "@csstools/postcss-exponential-functions" "^1.0.1"
    "@csstools/postcss-font-format-keywords" "^3.0.0"
    "@csstools/postcss-gamut-mapping" "^1.0.0"
    "@csstools/postcss-gradients-interpolation-method" "^4.0.7"
    "@csstools/postcss-hwb-function" "^3.0.6"
    "@csstools/postcss-ic-unit" "^3.0.2"
    "@csstools/postcss-initial" "^1.0.0"
    "@csstools/postcss-is-pseudo-class" "^4.0.3"
    "@csstools/postcss-logical-float-and-clear" "^2.0.0"
    "@csstools/postcss-logical-overflow" "^1.0.0"
    "@csstools/postcss-logical-overscroll-behavior" "^1.0.0"
    "@csstools/postcss-logical-resize" "^2.0.0"
    "@csstools/postcss-logical-viewport-units" "^2.0.3"
    "@csstools/postcss-media-minmax" "^1.1.0"
    "@csstools/postcss-media-queries-aspect-ratio-number-values" "^2.0.3"
    "@csstools/postcss-nested-calc" "^3.0.0"
    "@csstools/postcss-normalize-display-values" "^3.0.1"
    "@csstools/postcss-oklab-function" "^3.0.7"
    "@csstools/postcss-progressive-custom-properties" "^3.0.2"
    "@csstools/postcss-relative-color-syntax" "^2.0.7"
    "@csstools/postcss-scope-pseudo-class" "^3.0.0"
    "@csstools/postcss-stepped-value-functions" "^3.0.2"
    "@csstools/postcss-text-decoration-shorthand" "^3.0.3"
    "@csstools/postcss-trigonometric-functions" "^3.0.2"
    "@csstools/postcss-unset-value" "^3.0.0"
    autoprefixer "^10.4.16"
    browserslist "^4.22.1"
    css-blank-pseudo "^6.0.0"
    css-has-pseudo "^6.0.0"
    css-prefers-color-scheme "^9.0.0"
    cssdb "^7.9.0"
    postcss-attribute-case-insensitive "^6.0.2"
    postcss-clamp "^4.1.0"
    postcss-color-functional-notation "^6.0.2"
    postcss-color-hex-alpha "^9.0.2"
    postcss-color-rebeccapurple "^9.0.1"
    postcss-custom-media "^10.0.2"
    postcss-custom-properties "^13.3.2"
    postcss-custom-selectors "^7.1.6"
    postcss-dir-pseudo-class "^8.0.0"
    postcss-double-position-gradients "^5.0.2"
    postcss-focus-visible "^9.0.0"
    postcss-focus-within "^8.0.0"
    postcss-font-variant "^5.0.0"
    postcss-gap-properties "^5.0.0"
    postcss-image-set-function "^6.0.1"
    postcss-lab-function "^6.0.7"
    postcss-logical "^7.0.0"
    postcss-nesting "^12.0.1"
    postcss-opacity-percentage "^2.0.0"
    postcss-overflow-shorthand "^5.0.0"
    postcss-page-break "^3.0.4"
    postcss-place "^9.0.0"
    postcss-pseudo-class-any-link "^9.0.0"
    postcss-replace-overflow-wrap "^4.0.0"
    postcss-selector-not "^7.0.1"
    postcss-value-parser "^4.2.0"

postcss-pseudo-class-any-link@^9.0.0:
  version "9.0.0"
  resolved "https://registry.npmjs.org/postcss-pseudo-class-any-link/-/postcss-pseudo-class-any-link-9.0.0.tgz"
  integrity sha512-QNCYIL98VKFKY6HGDEJpF6+K/sg9bxcUYnOmNHJxZS5wsFDFaVoPeG68WAuhsqwbIBSo/b9fjEnTwY2mTSD+uA==
  dependencies:
    postcss-selector-parser "^6.0.13"

postcss-replace-overflow-wrap@^4.0.0:
  version "4.0.0"
  resolved "https://registry.npmjs.org/postcss-replace-overflow-wrap/-/postcss-replace-overflow-wrap-4.0.0.tgz"
  integrity sha512-KmF7SBPphT4gPPcKZc7aDkweHiKEEO8cla/GjcBK+ckKxiZslIu3C4GCRW3DNfL0o7yW7kMQu9xlZ1kXRXLXtw==

postcss-selector-not@^7.0.1:
  version "7.0.1"
  resolved "https://registry.npmjs.org/postcss-selector-not/-/postcss-selector-not-7.0.1.tgz"
  integrity sha512-1zT5C27b/zeJhchN7fP0kBr16Cc61mu7Si9uWWLoA3Px/D9tIJPKchJCkUH3tPO5D0pCFmGeApAv8XpXBQJ8SQ==
  dependencies:
    postcss-selector-parser "^6.0.10"

postcss-selector-parser@^6.0.10, postcss-selector-parser@^6.0.13:
  version "6.0.13"
  resolved "https://registry.npmjs.org/postcss-selector-parser/-/postcss-selector-parser-6.0.13.tgz"
  integrity sha512-EaV1Gl4mUEV4ddhDnv/xtj7sxwrwxdetHdWUGnT4VJQf+4d05v6lHYZr8N573k5Z0BViss7BDhfWtKS3+sfAqQ==
  dependencies:
    cssesc "^3.0.0"
    util-deprecate "^1.0.2"

postcss-value-parser@^4.2.0:
  version "4.2.0"
  resolved "https://registry.npmjs.org/postcss-value-parser/-/postcss-value-parser-4.2.0.tgz"
  integrity sha512-1NNCs6uurfkVbeXG4S8JFT9t19m45ICnif8zWLd5oPSZ50QnwMfK+H3jv408d4jw/7Bttv5axS5IiHoLaVNHeQ==

postcss@^8, postcss@^8.0.3, postcss@^8.1.0, postcss@^8.2, postcss@^8.4, postcss@^8.4.31, postcss@^8.4.6:
  version "8.4.31"
  resolved "https://registry.npmjs.org/postcss/-/postcss-8.4.31.tgz"
  integrity sha512-PS08Iboia9mts/2ygV3eLpY5ghnUcfLV/EXTOW1E2qYxJKGGBUtNjN76FYHnMs36RmARn41bC0AZmn+rR0OVpQ==
  dependencies:
    nanoid "^3.3.6"
    picocolors "^1.0.0"
    source-map-js "^1.0.2"

postcss@8.4.14:
  version "8.4.14"
  resolved "https://registry.npmjs.org/postcss/-/postcss-8.4.14.tgz"
  integrity sha512-E398TUmfAYFPBSdzgeieK2Y1+1cpdxJx8yXbK/m57nRhKSmk1GB2tO4lbLBtlkfPQTDKfe4Xqv1ASWPpayPEig==
  dependencies:
    nanoid "^3.3.4"
    picocolors "^1.0.0"
    source-map-js "^1.0.2"

react-dom@^18.2.0:
  version "18.2.0"
  resolved "https://registry.npmjs.org/react-dom/-/react-dom-18.2.0.tgz"
  integrity sha512-6IMTriUmvsjHUjNtEDudZfuDQUoWXVxKHhlEGSk81n4YFS+r/Kl99wXiwlVXtPBtJenozv2P+hxDsw9eA7Xo6g==
  dependencies:
    loose-envify "^1.1.0"
    scheduler "^0.23.0"

react@^18.2.0, "react@>= 16.8.0 || 17.x.x || ^18.0.0-0":
  version "18.2.0"
  resolved "https://registry.npmjs.org/react/-/react-18.2.0.tgz"
  integrity sha512-/3IjMdb2L9QbBdWiW5e3P2/npwMBaU9mHCSCUzNln0ZCYbcfTsGbTJrU/kGemdH2IWmB2ioZ+zkxtmq6g09fGQ==
  dependencies:
    loose-envify "^1.1.0"

scheduler@^0.23.0:
  version "0.23.0"
  resolved "https://registry.npmjs.org/scheduler/-/scheduler-0.23.0.tgz"
  integrity sha512-CtuThmgHNg7zIZWAXi3AsyIzA3n4xx7aNyjwC2VJldO2LMVDhFK+63xGqq6CsJH4rTAt6/M+N4GhZiDYPx9eUw==
  dependencies:
    loose-envify "^1.1.0"

source-map-js@^1.0.2:
  version "1.0.2"
  resolved "https://registry.npmjs.org/source-map-js/-/source-map-js-1.0.2.tgz"
  integrity sha512-R0XvVJ9WusLiqTCEiGCmICCMplcCkIwwR11mOSD9CR5u+IXYdiseeEuXCVAjS54zqwkLcPNnmU4OeJ6tUrWhDw==

streamsearch@^1.1.0:
  version "1.1.0"
  resolved "https://registry.npmjs.org/streamsearch/-/streamsearch-1.1.0.tgz"
  integrity sha512-Mcc5wHehp9aXz1ax6bZUyY5afg9u2rv5cqQI3mRrYkGC8rW2hM02jWuwjtL++LS5qinSyhj2QfLyNsuc+VsExg==

styled-jsx@5.1.1:
  version "5.1.1"
  resolved "https://registry.npmjs.org/styled-jsx/-/styled-jsx-5.1.1.tgz"
  integrity sha512-pW7uC1l4mBZ8ugbiZrcIsiIvVx1UmTfw7UkC3Um2tmfUq9Bhk8IiyEIPl6F8agHgjzku6j0xQEZbfA5uSgSaCw==
  dependencies:
    client-only "0.0.1"

tslib@^2.4.0:
  version "2.6.0"
  resolved "https://registry.npmjs.org/tslib/-/tslib-2.6.0.tgz"
  integrity sha512-7At1WUettjcSRHXCyYtTselblcHl9PJFFVKiCAy/bY97+BPZXSQ2wbq0P9s8tK2G7dFQfNnlJnPAiArVBVBsfA==

update-browserslist-db@^1.0.13:
  version "1.0.13"
  resolved "https://registry.npmjs.org/update-browserslist-db/-/update-browserslist-db-1.0.13.tgz"
  integrity sha512-xebP81SNcPuNpPP3uzeW1NYXxI3rxyJzF3pD6sH4jE7o/IX+WtSpwnVU+qIsDPyk0d3hmFQ7mjqc6AtV604hbg==
  dependencies:
    escalade "^3.1.1"
    picocolors "^1.0.0"

util-deprecate@^1.0.2:
  version "1.0.2"
  resolved "https://registry.npmjs.org/util-deprecate/-/util-deprecate-1.0.2.tgz"
  integrity sha512-EPD5q1uXyFxJpCrLnCc1nHnq3gOa6DZBocAIiI2TaSCA7VCJ1UJDMagCzIkXNsUYfD1daK//LTEQ8xiIbrHtcw==

watchpack@2.4.0:
  version "2.4.0"
  resolved "https://registry.npmjs.org/watchpack/-/watchpack-2.4.0.tgz"
  integrity sha512-Lcvm7MGST/4fup+ifyKi2hjyIAwcdI4HRgtvTpIUxBRhB+RFtUh8XtDOxUfctVCnhVi+QQj49i91OyvzkJl6cg==
  dependencies:
    glob-to-regexp "^0.4.1"
    graceful-fs "^4.1.2"

zod@3.21.4:
  version "3.21.4"
  resolved "https://registry.npmjs.org/zod/-/zod-3.21.4.tgz"
  integrity sha512-m46AKbrzKVzOzs/DZgVnG5H55N1sv1M8qZU3A8RIKbs3mrACDNeIOeilDymVb2HdmP8uwshOCF4uJ8uM9rCqJw==
